
Microsoft Visual Studio Solution File, Format Version 12.00
# Visual Studio Version 16
VisualStudioVersion = 16.0.31321.278
MinimumVisualStudioVersion = 10.0.40219.1
Project("{FAE04EC0-301F-11D3-BF4B-00C04F79EFBC}") = "u04598637_HW06", "u04598637_HW06.csproj", "{63273B4B-4E4E-4B4F-AD89-03B5B5000D06}"
EndProject
Global
	GlobalSection(SolutionConfigurationPlatforms) = preSolution
		Debug|Any CPU = Debug|Any CPU
		Release|Any CPU = Release|Any CPU
	EndGlobalSection
	GlobalSection(ProjectConfigurationPlatforms) = postSolution
		{63273B4B-4E4E-4B4F-AD89-03B5B5000D06}.Debug|Any CPU.ActiveCfg = Debug|Any CPU
		{63273B4B-4E4E-4B4F-AD89-03B5B5000D06}.Debug|Any CPU.Build.0 = Debug|Any CPU
		{63273B4B-4E4E-4B4F-AD89-03B5B5000D06}.Release|Any CPU.ActiveCfg = Release|Any CPU
		{63273B4B-4E4E-4B4F-AD89-03B5B5000D06}.Release|Any CPU.Build.0 = Release|Any CPU
	EndGlobalSection
	GlobalSection(SolutionProperties) = preSolution
		HideSolutionNode = FALSE
	EndGlobalSection
	GlobalSection(ExtensibilityGlobals) = postSolution
		SolutionGuid = {C07CB5AD-2094-45BF-8D11-AE4A007CFABC}
	EndGlobalSection
EndGlobal
